
Microsoft Visual Studio Solution File, Format Version 12.00
# Visual Studio 14
VisualStudioVersion = 14.0.23107.0
MinimumVisualStudioVersion = 10.0.40219.1
Project("{FAE04EC0-301F-11D3-BF4B-00C04F79EFBC}") = "bai6", "bai6\bai6.csproj", "{6BD439DC-B0F0-4710-BDCE-23A8305B1AD0}"
EndProject
Project("{FAE04EC0-301F-11D3-BF4B-00C04F79EFBC}") = "chat_Client", "..\chat_Client\chat_Client.csproj", "{C53A313C-2493-49AE-BE4B-3417960DEDFE}"
EndProject
Project("{FAE04EC0-301F-11D3-BF4B-00C04F79EFBC}") = "Chat_Sever", "..\Chat_Sever\Chat_Sever.csproj", "{16715CB0-018D-48F7-BE4D-7EAA9F187414}"
EndProject
Global
	GlobalSection(SolutionConfigurationPlatforms) = preSolution
		Debug|Any CPU = Debug|Any CPU
		Release|Any CPU = Release|Any CPU
	EndGlobalSection
	GlobalSection(ProjectConfigurationPlatforms) = postSolution
		{6BD439DC-B0F0-4710-BDCE-23A8305B1AD0}.Debug|Any CPU.ActiveCfg = Debug|Any CPU
		{6BD439DC-B0F0-4710-BDCE-23A8305B1AD0}.Debug|Any CPU.Build.0 = Debug|Any CPU
		{6BD439DC-B0F0-4710-BDCE-23A8305B1AD0}.Release|Any CPU.ActiveCfg = Release|Any CPU
		{6BD439DC-B0F0-4710-BDCE-23A8305B1AD0}.Release|Any CPU.Build.0 = Release|Any CPU
		{C53A313C-2493-49AE-BE4B-3417960DEDFE}.Debug|Any CPU.ActiveCfg = Debug|Any CPU
		{C53A313C-2493-49AE-BE4B-3417960DEDFE}.Debug|Any CPU.Build.0 = Debug|Any CPU
		{C53A313C-2493-49AE-BE4B-3417960DEDFE}.Release|Any CPU.ActiveCfg = Release|Any CPU
		{C53A313C-2493-49AE-BE4B-3417960DEDFE}.Release|Any CPU.Build.0 = Release|Any CPU
		{16715CB0-018D-48F7-BE4D-7EAA9F187414}.Debug|Any CPU.ActiveCfg = Debug|Any CPU
		{16715CB0-018D-48F7-BE4D-7EAA9F187414}.Debug|Any CPU.Build.0 = Debug|Any CPU
		{16715CB0-018D-48F7-BE4D-7EAA9F187414}.Release|Any CPU.ActiveCfg = Release|Any CPU
		{16715CB0-018D-48F7-BE4D-7EAA9F187414}.Release|Any CPU.Build.0 = Release|Any CPU
	EndGlobalSection
	GlobalSection(SolutionProperties) = preSolution
		HideSolutionNode = FALSE
	EndGlobalSection
EndGlobal
